
Microsoft Visual Studio Solution File, Format Version 12.00
# Visual Studio Version 16
VisualStudioVersion = 16.0.29905.134
MinimumVisualStudioVersion = 10.0.40219.1
Project("{FAE04EC0-301F-11D3-BF4B-00C04F79EFBC}") = "CalculatorApplication", "CalculatorApplication\CalculatorApplication.csproj", "{F157610E-08A9-4D47-BDA9-5EFAA3F7C6FE}"
EndProject
Global
	GlobalSection(SolutionConfigurationPlatforms) = preSolution
		Debug|Any CPU = Debug|Any CPU
		Release|Any CPU = Release|Any CPU
	EndGlobalSection
	GlobalSection(ProjectConfigurationPlatforms) = postSolution
		{F157610E-08A9-4D47-BDA9-5EFAA3F7C6FE}.Debug|Any CPU.ActiveCfg = Debug|Any CPU
		{F157610E-08A9-4D47-BDA9-5EFAA3F7C6FE}.Debug|Any CPU.Build.0 = Debug|Any CPU
		{F157610E-08A9-4D47-BDA9-5EFAA3F7C6FE}.Release|Any CPU.ActiveCfg = Release|Any CPU
		{F157610E-08A9-4D47-BDA9-5EFAA3F7C6FE}.Release|Any CPU.Build.0 = Release|Any CPU
	EndGlobalSection
	GlobalSection(SolutionProperties) = preSolution
		HideSolutionNode = FALSE
	EndGlobalSection
	GlobalSection(ExtensibilityGlobals) = postSolution
		SolutionGuid = {F1546E47-BC7B-42C1-9C55-65DEBAD79BBD}
	EndGlobalSection
EndGlobal
